
Microsoft Visual Studio Solution File, Format Version 12.00
# Visual Studio Version 17
VisualStudioVersion = 17.9.34622.214
MinimumVisualStudioVersion = 10.0.40219.1
Project("{8BC9CEB8-8B4A-11D0-8D11-00A0C91BC942}") = "Project18", "Project18.vcxproj", "{AC91E8E1-ADD3-4B99-9D60-CD691EF1AF67}"
EndProject
Global
	GlobalSection(SolutionConfigurationPlatforms) = preSolution
		Debug|x64 = Debug|x64
		Debug|x86 = Debug|x86
		Release|x64 = Release|x64
		Release|x86 = Release|x86
	EndGlobalSection
	GlobalSection(ProjectConfigurationPlatforms) = postSolution
		{AC91E8E1-ADD3-4B99-9D60-CD691EF1AF67}.Debug|x64.ActiveCfg = Debug|x64
		{AC91E8E1-ADD3-4B99-9D60-CD691EF1AF67}.Debug|x64.Build.0 = Debug|x64
		{AC91E8E1-ADD3-4B99-9D60-CD691EF1AF67}.Debug|x86.ActiveCfg = Debug|Win32
		{AC91E8E1-ADD3-4B99-9D60-CD691EF1AF67}.Debug|x86.Build.0 = Debug|Win32
		{AC91E8E1-ADD3-4B99-9D60-CD691EF1AF67}.Release|x64.ActiveCfg = Release|x64
		{AC91E8E1-ADD3-4B99-9D60-CD691EF1AF67}.Release|x64.Build.0 = Release|x64
		{AC91E8E1-ADD3-4B99-9D60-CD691EF1AF67}.Release|x86.ActiveCfg = Release|Win32
		{AC91E8E1-ADD3-4B99-9D60-CD691EF1AF67}.Release|x86.Build.0 = Release|Win32
	EndGlobalSection
	GlobalSection(SolutionProperties) = preSolution
		HideSolutionNode = FALSE
	EndGlobalSection
	GlobalSection(ExtensibilityGlobals) = postSolution
		SolutionGuid = {26A380BD-04CF-4287-972B-5290B5D4C76B}
	EndGlobalSection
EndGlobal
